{
  "version": 4,
  "terraform_version": "1.9.2",
  "serial": 86,
  "lineage": "46b880f2-ce2e-0ade-4f1b-de5cdd197676",
  "outputs": {
    "vm_ip": {
      "value": {
        "vm-1": "192.168.10.8",
        "vm-2": "192.168.10.12",
        "vm-3": "192.168.10.9"
      },
      "type": [
        "object",
        {
          "vm-1": "string",
          "vm-2": "string",
          "vm-3": "string"
        }
      ]
    },
    "vm_nat_ip": {
      "value": {
        "vm-1": "51.250.13.225",
        "vm-2": "51.250.7.245",
        "vm-3": "84.201.131.210"
      },
      "type": [
        "object",
        {
          "vm-1": "string",
          "vm-2": "string",
          "vm-3": "string"
        }
      ]
    }
  },
  "resources": [
    {
      "mode": "managed",
      "type": "yandex_compute_disk",
      "name": "boot-disk",
      "provider": "provider[\"registry.terraform.io/yandex-cloud/yandex\"]",
      "instances": [
        {
          "index_key": "vm-1",
          "schema_version": 0,
          "attributes": {
            "allow_recreate": null,
            "block_size": 4096,
            "created_at": "2024-09-25T17:46:34Z",
            "description": "",
            "disk_placement_policy": [
              {
                "disk_placement_group_id": ""
              }
            ],
            "folder_id": "b1gvncn5ob6k8bjvmhnp",
            "id": "fhmbmr0pba49a2gcp5ib",
            "image_id": "fd8hsei0au7hvctohsh9",
            "labels": null,
            "name": "rr-debian11disk-1",
            "product_ids": [
              "f2e2bobfe31mkk88is58"
            ],
            "size": 15,
            "snapshot_id": "",
            "status": "ready",
            "timeouts": null,
            "type": "network-hdd",
            "zone": "ru-central1-a"
          },
          "sensitive_attributes": [],
          "private": "eyJlMmJmYjczMC1lY2FhLTExZTYtOGY4OC0zNDM2M2JjN2M0YzAiOnsiY3JlYXRlIjozMDAwMDAwMDAwMDAsImRlbGV0ZSI6MzAwMDAwMDAwMDAwLCJ1cGRhdGUiOjMwMDAwMDAwMDAwMH19"
        },
        {
          "index_key": "vm-2",
          "schema_version": 0,
          "attributes": {
            "allow_recreate": null,
            "block_size": 4096,
            "created_at": "2024-09-25T17:46:34Z",
            "description": "",
            "disk_placement_policy": [
              {
                "disk_placement_group_id": ""
              }
            ],
            "folder_id": "b1gvncn5ob6k8bjvmhnp",
            "id": "fhma6rnipd9dgaj05o3o",
            "image_id": "fd8hsei0au7hvctohsh9",
            "labels": null,
            "name": "rr-debian11disk-2",
            "product_ids": [
              "f2e2bobfe31mkk88is58"
            ],
            "size": 15,
            "snapshot_id": "",
            "status": "ready",
            "timeouts": null,
            "type": "network-hdd",
            "zone": "ru-central1-a"
          },
          "sensitive_attributes": [],
          "private": "eyJlMmJmYjczMC1lY2FhLTExZTYtOGY4OC0zNDM2M2JjN2M0YzAiOnsiY3JlYXRlIjozMDAwMDAwMDAwMDAsImRlbGV0ZSI6MzAwMDAwMDAwMDAwLCJ1cGRhdGUiOjMwMDAwMDAwMDAwMH19"
        },
        {
          "index_key": "vm-3",
          "schema_version": 0,
          "attributes": {
            "allow_recreate": null,
            "block_size": 4096,
            "created_at": "2024-09-25T17:46:34Z",
            "description": "",
            "disk_placement_policy": [
              {
                "disk_placement_group_id": ""
              }
            ],
            "folder_id": "b1gvncn5ob6k8bjvmhnp",
            "id": "fhmprf8dr66ma3mn39s6",
            "image_id": "fd8hsei0au7hvctohsh9",
            "labels": null,
            "name": "rr-debian11disk-3",
            "product_ids": [
              "f2e2bobfe31mkk88is58"
            ],
            "size": 15,
            "snapshot_id": "",
            "status": "ready",
            "timeouts": null,
            "type": "network-hdd",
            "zone": "ru-central1-a"
          },
          "sensitive_attributes": [],
          "private": "eyJlMmJmYjczMC1lY2FhLTExZTYtOGY4OC0zNDM2M2JjN2M0YzAiOnsiY3JlYXRlIjozMDAwMDAwMDAwMDAsImRlbGV0ZSI6MzAwMDAwMDAwMDAwLCJ1cGRhdGUiOjMwMDAwMDAwMDAwMH19"
        }
      ]
    },
    {
      "mode": "managed",
      "type": "yandex_compute_instance",
      "name": "virtual_machine",
      "provider": "provider[\"registry.terraform.io/yandex-cloud/yandex\"]",
      "instances": [
        {
          "index_key": "vm-1",
          "schema_version": 1,
          "attributes": {
            "allow_recreate": null,
            "allow_stopping_for_update": null,
            "boot_disk": [
              {
                "auto_delete": true,
                "device_name": "fhmbmr0pba49a2gcp5ib",
                "disk_id": "fhmbmr0pba49a2gcp5ib",
                "initialize_params": [
                  {
                    "block_size": 4096,
                    "description": "",
                    "image_id": "fd8hsei0au7hvctohsh9",
                    "name": "rr-debian11disk-1",
                    "size": 15,
                    "snapshot_id": "",
                    "type": "network-hdd"
                  }
                ],
                "mode": "READ_WRITE"
              }
            ],
            "created_at": "2024-09-25T17:46:48Z",
            "description": "",
            "filesystem": [],
            "folder_id": "b1gvncn5ob6k8bjvmhnp",
            "fqdn": "fhmr7d36034hmoomt80d.auto.internal",
            "gpu_cluster_id": "",
            "hostname": "",
            "id": "fhmr7d36034hmoomt80d",
            "labels": null,
            "local_disk": [],
            "maintenance_grace_period": "",
            "maintenance_policy": null,
            "metadata": {
              "ssh-keys": "ssh-ed25519 AAAAC3NzaC1lZDI1NTE5AAAAIL6cuGfUL49Kqe6Vhz6GH22j1hrnF6vma7vE+sUbc8XL",
              "user-data": "#cloud-config\nusers:\n  - name: svaips\n    groups: sudo\n    shell: /bin/bash\n    sudo: 'ALL=(ALL) NOPASSWD:ALL'\n    ssh-authorized-keys:\n      - ssh-ed25519 AAAAC3NzaC1lZDI1NTE5AAAAIL6cuGfUL49Kqe6Vhz6GH22j1hrnF6vma7vE+sUbc8XL\n"
            },
            "metadata_options": [
              {
                "aws_v1_http_endpoint": 1,
                "aws_v1_http_token": 2,
                "gce_http_endpoint": 1,
                "gce_http_token": 1
              }
            ],
            "name": "rr-example-debian-12-1",
            "network_acceleration_type": "standard",
            "network_interface": [
              {
                "dns_record": [],
                "index": 0,
                "ip_address": "192.168.10.8",
                "ipv4": true,
                "ipv6": false,
                "ipv6_address": "",
                "ipv6_dns_record": [],
                "mac_address": "d0:0d:1b:3b:46:60",
                "nat": true,
                "nat_dns_record": [],
                "nat_ip_address": "51.250.13.225",
                "nat_ip_version": "IPV4",
                "security_group_ids": [],
                "subnet_id": "e9bcksnv4qkdqd78lj7p"
              }
            ],
            "placement_policy": [
              {
                "host_affinity_rules": [],
                "placement_group_id": "",
                "placement_group_partition": 0
              }
            ],
            "platform_id": "standard-v1",
            "resources": [
              {
                "core_fraction": 100,
                "cores": 2,
                "gpus": 0,
                "memory": 2
              }
            ],
            "scheduling_policy": [
              {
                "preemptible": false
              }
            ],
            "secondary_disk": [],
            "service_account_id": "",
            "status": "running",
            "timeouts": null,
            "zone": "ru-central1-a"
          },
          "sensitive_attributes": [],
          "private": "eyJlMmJmYjczMC1lY2FhLTExZTYtOGY4OC0zNDM2M2JjN2M0YzAiOnsiY3JlYXRlIjozMDAwMDAwMDAwMDAsImRlbGV0ZSI6MzAwMDAwMDAwMDAwLCJ1cGRhdGUiOjMwMDAwMDAwMDAwMH0sInNjaGVtYV92ZXJzaW9uIjoiMSJ9",
          "dependencies": [
            "yandex_compute_disk.boot-disk",
            "yandex_vpc_network.network-1",
            "yandex_vpc_subnet.subnet-1"
          ]
        },
        {
          "index_key": "vm-2",
          "schema_version": 1,
          "attributes": {
            "allow_recreate": null,
            "allow_stopping_for_update": null,
            "boot_disk": [
              {
                "auto_delete": true,
                "device_name": "fhma6rnipd9dgaj05o3o",
                "disk_id": "fhma6rnipd9dgaj05o3o",
                "initialize_params": [
                  {
                    "block_size": 4096,
                    "description": "",
                    "image_id": "fd8hsei0au7hvctohsh9",
                    "name": "rr-debian11disk-2",
                    "size": 15,
                    "snapshot_id": "",
                    "type": "network-hdd"
                  }
                ],
                "mode": "READ_WRITE"
              }
            ],
            "created_at": "2024-09-25T17:46:48Z",
            "description": "",
            "filesystem": [],
            "folder_id": "b1gvncn5ob6k8bjvmhnp",
            "fqdn": "fhmc4hgej85lb5vp23up.auto.internal",
            "gpu_cluster_id": "",
            "hostname": "",
            "id": "fhmc4hgej85lb5vp23up",
            "labels": null,
            "local_disk": [],
            "maintenance_grace_period": "",
            "maintenance_policy": null,
            "metadata": {
              "ssh-keys": "ssh-ed25519 AAAAC3NzaC1lZDI1NTE5AAAAIL6cuGfUL49Kqe6Vhz6GH22j1hrnF6vma7vE+sUbc8XL",
              "user-data": "#cloud-config\nusers:\n  - name: svaips\n    groups: sudo\n    shell: /bin/bash\n    sudo: 'ALL=(ALL) NOPASSWD:ALL'\n    ssh-authorized-keys:\n      - ssh-ed25519 AAAAC3NzaC1lZDI1NTE5AAAAIL6cuGfUL49Kqe6Vhz6GH22j1hrnF6vma7vE+sUbc8XL\n"
            },
            "metadata_options": [
              {
                "aws_v1_http_endpoint": 1,
                "aws_v1_http_token": 2,
                "gce_http_endpoint": 1,
                "gce_http_token": 1
              }
            ],
            "name": "rr-example-debian12-2",
            "network_acceleration_type": "standard",
            "network_interface": [
              {
                "dns_record": [],
                "index": 0,
                "ip_address": "192.168.10.12",
                "ipv4": true,
                "ipv6": false,
                "ipv6_address": "",
                "ipv6_dns_record": [],
                "mac_address": "d0:0d:c2:46:0e:9a",
                "nat": true,
                "nat_dns_record": [],
                "nat_ip_address": "51.250.7.245",
                "nat_ip_version": "IPV4",
                "security_group_ids": [],
                "subnet_id": "e9bcksnv4qkdqd78lj7p"
              }
            ],
            "placement_policy": [
              {
                "host_affinity_rules": [],
                "placement_group_id": "",
                "placement_group_partition": 0
              }
            ],
            "platform_id": "standard-v1",
            "resources": [
              {
                "core_fraction": 100,
                "cores": 2,
                "gpus": 0,
                "memory": 2
              }
            ],
            "scheduling_policy": [
              {
                "preemptible": false
              }
            ],
            "secondary_disk": [],
            "service_account_id": "",
            "status": "running",
            "timeouts": null,
            "zone": "ru-central1-a"
          },
          "sensitive_attributes": [],
          "private": "eyJlMmJmYjczMC1lY2FhLTExZTYtOGY4OC0zNDM2M2JjN2M0YzAiOnsiY3JlYXRlIjozMDAwMDAwMDAwMDAsImRlbGV0ZSI6MzAwMDAwMDAwMDAwLCJ1cGRhdGUiOjMwMDAwMDAwMDAwMH0sInNjaGVtYV92ZXJzaW9uIjoiMSJ9",
          "dependencies": [
            "yandex_compute_disk.boot-disk",
            "yandex_vpc_network.network-1",
            "yandex_vpc_subnet.subnet-1"
          ]
        },
        {
          "index_key": "vm-3",
          "schema_version": 1,
          "attributes": {
            "allow_recreate": null,
            "allow_stopping_for_update": null,
            "boot_disk": [
              {
                "auto_delete": true,
                "device_name": "fhmprf8dr66ma3mn39s6",
                "disk_id": "fhmprf8dr66ma3mn39s6",
                "initialize_params": [
                  {
                    "block_size": 4096,
                    "description": "",
                    "image_id": "fd8hsei0au7hvctohsh9",
                    "name": "rr-debian11disk-3",
                    "size": 15,
                    "snapshot_id": "",
                    "type": "network-hdd"
                  }
                ],
                "mode": "READ_WRITE"
              }
            ],
            "created_at": "2024-09-25T17:46:48Z",
            "description": "",
            "filesystem": [],
            "folder_id": "b1gvncn5ob6k8bjvmhnp",
            "fqdn": "fhmc99rtcira5h9t62sf.auto.internal",
            "gpu_cluster_id": "",
            "hostname": "",
            "id": "fhmc99rtcira5h9t62sf",
            "labels": null,
            "local_disk": [],
            "maintenance_grace_period": "",
            "maintenance_policy": null,
            "metadata": {
              "ssh-keys": "ssh-ed25519 AAAAC3NzaC1lZDI1NTE5AAAAIL6cuGfUL49Kqe6Vhz6GH22j1hrnF6vma7vE+sUbc8XL",
              "user-data": "#cloud-config\nusers:\n  - name: svaips\n    groups: sudo\n    shell: /bin/bash\n    sudo: 'ALL=(ALL) NOPASSWD:ALL'\n    ssh-authorized-keys:\n      - ssh-ed25519 AAAAC3NzaC1lZDI1NTE5AAAAIL6cuGfUL49Kqe6Vhz6GH22j1hrnF6vma7vE+sUbc8XL\n"
            },
            "metadata_options": [
              {
                "aws_v1_http_endpoint": 1,
                "aws_v1_http_token": 2,
                "gce_http_endpoint": 1,
                "gce_http_token": 1
              }
            ],
            "name": "rr-example-debian12-3",
            "network_acceleration_type": "standard",
            "network_interface": [
              {
                "dns_record": [],
                "index": 0,
                "ip_address": "192.168.10.9",
                "ipv4": true,
                "ipv6": false,
                "ipv6_address": "",
                "ipv6_dns_record": [],
                "mac_address": "d0:0d:c4:a7:7d:64",
                "nat": true,
                "nat_dns_record": [],
                "nat_ip_address": "84.201.131.210",
                "nat_ip_version": "IPV4",
                "security_group_ids": [],
                "subnet_id": "e9bcksnv4qkdqd78lj7p"
              }
            ],
            "placement_policy": [
              {
                "host_affinity_rules": [],
                "placement_group_id": "",
                "placement_group_partition": 0
              }
            ],
            "platform_id": "standard-v1",
            "resources": [
              {
                "core_fraction": 100,
                "cores": 2,
                "gpus": 0,
                "memory": 2
              }
            ],
            "scheduling_policy": [
              {
                "preemptible": false
              }
            ],
            "secondary_disk": [],
            "service_account_id": "",
            "status": "running",
            "timeouts": null,
            "zone": "ru-central1-a"
          },
          "sensitive_attributes": [],
          "private": "eyJlMmJmYjczMC1lY2FhLTExZTYtOGY4OC0zNDM2M2JjN2M0YzAiOnsiY3JlYXRlIjozMDAwMDAwMDAwMDAsImRlbGV0ZSI6MzAwMDAwMDAwMDAwLCJ1cGRhdGUiOjMwMDAwMDAwMDAwMH0sInNjaGVtYV92ZXJzaW9uIjoiMSJ9",
          "dependencies": [
            "yandex_compute_disk.boot-disk",
            "yandex_vpc_network.network-1",
            "yandex_vpc_subnet.subnet-1"
          ]
        }
      ]
    },
    {
      "mode": "managed",
      "type": "yandex_vpc_network",
      "name": "network-1",
      "provider": "provider[\"registry.terraform.io/yandex-cloud/yandex\"]",
      "instances": [
        {
          "schema_version": 0,
          "attributes": {
            "created_at": "2024-09-24T10:09:08Z",
            "default_security_group_id": "enp4sc9f7at4p22degdf",
            "description": "",
            "folder_id": "b1gvncn5ob6k8bjvmhnp",
            "id": "enph20g7iiokievjvile",
            "labels": {},
            "name": "network1",
            "subnet_ids": [
              "e9bcksnv4qkdqd78lj7p"
            ],
            "timeouts": null
          },
          "sensitive_attributes": [],
          "private": "eyJlMmJmYjczMC1lY2FhLTExZTYtOGY4OC0zNDM2M2JjN2M0YzAiOnsiY3JlYXRlIjo2MDAwMDAwMDAwMCwiZGVsZXRlIjo2MDAwMDAwMDAwMCwidXBkYXRlIjo2MDAwMDAwMDAwMH19"
        }
      ]
    },
    {
      "mode": "managed",
      "type": "yandex_vpc_subnet",
      "name": "subnet-1",
      "provider": "provider[\"registry.terraform.io/yandex-cloud/yandex\"]",
      "instances": [
        {
          "schema_version": 0,
          "attributes": {
            "created_at": "2024-09-24T10:11:38Z",
            "description": "",
            "dhcp_options": [],
            "folder_id": "b1gvncn5ob6k8bjvmhnp",
            "id": "e9bcksnv4qkdqd78lj7p",
            "labels": {},
            "name": "subnet1",
            "network_id": "enph20g7iiokievjvile",
            "route_table_id": "",
            "timeouts": null,
            "v4_cidr_blocks": [
              "192.168.10.0/24"
            ],
            "v6_cidr_blocks": [],
            "zone": "ru-central1-a"
          },
          "sensitive_attributes": [],
          "private": "eyJlMmJmYjczMC1lY2FhLTExZTYtOGY4OC0zNDM2M2JjN2M0YzAiOnsiY3JlYXRlIjoxODAwMDAwMDAwMDAsImRlbGV0ZSI6MTgwMDAwMDAwMDAwLCJ1cGRhdGUiOjE4MDAwMDAwMDAwMH19",
          "dependencies": [
            "yandex_vpc_network.network-1"
          ]
        }
      ]
    }
  ],
  "check_results": null
}
